// !$*UTF8*$!
{
	archiveVersion = 1;
	classes = {
	};
	objectVersion = 46;
	objects = {

/* Begin PBXBuildFile section */
		277049043FFF499A496EF1D8 /* libPods-TestBlockDemo.a in Frameworks */ = {isa = PBXBuildFile; fileRef = AB107FB3721BF9E56B2AB304 /* libPods-TestBlockDemo.a */; };
		D034E8171D50B4340010BFBA /* main.m in Sources */ = {isa = PBXBuildFile; fileRef = D034E8161D50B4340010BFBA /* main.m */; };
		D034E81A1D50B4340010BFBA /* AppDelegate.m in Sources */ = {isa = PBXBuildFile; fileRef = D034E8191D50B4340010BFBA /* AppDelegate.m */; };
		D034E81D1D50B4340010BFBA /* ViewController.m in Sources */ = {isa = PBXBuildFile; fileRef = D034E81C1D50B4340010BFBA /* ViewController.m */; };
		D034E8201D50B4340010BFBA /* Main.storyboard in Resources */ = {isa = PBXBuildFile; fileRef = D034E81E1D50B4340010BFBA /* Main.storyboard */; };
		D034E8221D50B4340010BFBA /* Assets.xcassets in Resources */ = {isa = PBXBuildFile; fileRef = D034E8211D50B4340010BFBA /* Assets.xcassets */; };
		D034E8251D50B4340010BFBA /* LaunchScreen.storyboard in Resources */ = {isa = PBXBuildFile; fileRef = D034E8231D50B4340010BFBA /* LaunchScreen.storyboard */; };
		D034E84A1D50B4F10010BFBA /* SecondViewController.m in Sources */ = {isa = PBXBuildFile; fileRef = D034E8491D50B4F10010BFBA /* SecondViewController.m */; };
		D0CC4AA41D50C0D700397CF9 /* ThreeViewController.m in Sources */ = {isa = PBXBuildFile; fileRef = D0CC4AA31D50C0D700397CF9 /* ThreeViewController.m */; };
/* End PBXBuildFile section */

/* Begin PBXFileReference section */
		0C7A8A6C7D15BA08B2570B0E /* Pods-TestBlockDemo.debug.xcconfig */ = {isa = PBXFileReference; includeInIndex = 1; lastKnownFileType = text.xcconfig; name = "Pods-TestBlockDemo.debug.xcconfig"; path = "Pods/Target Support Files/Pods-TestBlockDemo/Pods-TestBlockDemo.debug.xcconfig"; sourceTree = "<group>"; };
		AB107FB3721BF9E56B2AB304 /* libPods-TestBlockDemo.a */ = {isa = PBXFileReference; explicitFileType = archive.ar; includeInIndex = 0; path = "libPods-TestBlockDemo.a"; sourceTree = BUILT_PRODUCTS_DIR; };
		D034E8121D50B4340010BFBA /* TestBlockDemo.app */ = {isa = PBXFileReference; explicitFileType = wrapper.application; includeInIndex = 0; path = TestBlockDemo.app; sourceTree = BUILT_PRODUCTS_DIR; };
		D034E8161D50B4340010BFBA /* main.m */ = {isa = PBXFileReference; lastKnownFileType = sourcecode.c.objc; path = main.m; sourceTree = "<group>"; };
		D034E8181D50B4340010BFBA /* AppDelegate.h */ = {isa = PBXFileReference; lastKnownFileType = sourcecode.c.h; path = AppDelegate.h; sourceTree = "<group>"; };
		D034E8191D50B4340010BFBA /* AppDelegate.m */ = {isa = PBXFileReference; lastKnownFileType = sourcecode.c.objc; path = AppDelegate.m; sourceTree = "<group>"; };
		D034E81B1D50B4340010BFBA /* ViewController.h */ = {isa = PBXFileReference; lastKnownFileType = sourcecode.c.h; path = ViewController.h; sourceTree = "<group>"; };
		D034E81C1D50B4340010BFBA /* ViewController.m */ = {isa = PBXFileReference; lastKnownFileType = sourcecode.c.objc; path = ViewController.m; sourceTree = "<group>"; };
		D034E81F1D50B4340010BFBA /* Base */ = {isa = PBXFileReference; lastKnownFileType = file.storyboard; name = Base; path = Base.lproj/Main.storyboard; sourceTree = "<group>"; };
		D034E8211D50B4340010BFBA /* Assets.xcassets */ = {isa = PBXFileReference; lastKnownFileType = folder.assetcatalog; path = Assets.xcassets; sourceTree = "<group>"; };
		D034E8241D50B4340010BFBA /* Base */ = {isa = PBXFileReference; lastKnownFileType = file.storyboard; name = Base; path = Base.lproj/LaunchScreen.storyboard; sourceTree = "<group>"; };
		D034E8261D50B4340010BFBA /* Info.plist */ = {isa = PBXFileReference; lastKnownFileType = text.plist.xml; path = Info.plist; sourceTree = "<group>"; };
		D034E8481D50B4F10010BFBA /* SecondViewController.h */ = {isa = PBXFileReference; fileEncoding = 4; lastKnownFileType = sourcecode.c.h; path = SecondViewController.h; sourceTree = "<group>"; };
		D034E8491D50B4F10010BFBA /* SecondViewController.m */ = {isa = PBXFileReference; fileEncoding = 4; lastKnownFileType = sourcecode.c.objc; path = SecondViewController.m; sourceTree = "<group>"; };
		D0CC4AA21D50C0D700397CF9 /* ThreeViewController.h */ = {isa = PBXFileReference; fileEncoding = 4; lastKnownFileType = sourcecode.c.h; path = ThreeViewController.h; sourceTree = "<group>"; };
		D0CC4AA31D50C0D700397CF9 /* ThreeViewController.m */ = {isa = PBXFileReference; fileEncoding = 4; lastKnownFileType = sourcecode.c.objc; path = ThreeViewController.m; sourceTree = "<group>"; };
		E62F07082ADDA56F079D95E8 /* Pods-TestBlockDemo.release.xcconfig */ = {isa = PBXFileReference; includeInIndex = 1; lastKnownFileType = text.xcconfig; name = "Pods-TestBlockDemo.release.xcconfig"; path = "Pods/Target Support Files/Pods-TestBlockDemo/Pods-TestBlockDemo.release.xcconfig"; sourceTree = "<group>"; };
/* End PBXFileReference section */

/* Begin PBXFrameworksBuildPhase section */
		D034E80F1D50B4340010BFBA /* Frameworks */ = {
			isa = PBXFrameworksBuildPhase;
			buildActionMask = 2147483647;
			files = (
				277049043FFF499A496EF1D8 /* libPods-TestBlockDemo.a in Frameworks */,
			);
			runOnlyForDeploymentPostprocessing = 0;
		};
/* End PBXFrameworksBuildPhase section */

/* Begin PBXGroup section */
		78D0D6690CF1F39242919C79 /* Pods */ = {
			isa = PBXGroup;
			children = (
				0C7A8A6C7D15BA08B2570B0E /* Pods-TestBlockDemo.debug.xcconfig */,
				E62F07082ADDA56F079D95E8 /* Pods-TestBlockDemo.release.xcconfig */,
			);
			name = Pods;
			sourceTree = "<group>";
		};
		C902D35F7E53578545E0233C /* Frameworks */ = {
			isa = PBXGroup;
			children = (
				AB107FB3721BF9E56B2AB304 /* libPods-TestBlockDemo.a */,
			);
			name = Frameworks;
			sourceTree = "<group>";
		};
		D034E8091D50B4330010BFBA = {
			isa = PBXGroup;
			children = (
				D034E8141D50B4340010BFBA /* TestBlockDemo */,
				D034E8131D50B4340010BFBA /* Products */,
				78D0D6690CF1F39242919C79 /* Pods */,
				C902D35F7E53578545E0233C /* Frameworks */,
			);
			sourceTree = "<group>";
		};
		D034E8131D50B4340010BFBA /* Products */ = {
			isa = PBXGroup;
			children = (
				D034E8121D50B4340010BFBA /* TestBlockDemo.app */,
			);
			name = Products;
			sourceTree = "<group>";
		};
		D034E8141D50B4340010BFBA /* TestBlockDemo */ = {
			isa = PBXGroup;
			children = (
				D034E8181D50B4340010BFBA /* AppDelegate.h */,
				D034E8191D50B4340010BFBA /* AppDelegate.m */,
				D034E81B1D50B4340010BFBA /* ViewController.h */,
				D034E81C1D50B4340010BFBA /* ViewController.m */,
				D034E8481D50B4F10010BFBA /* SecondViewController.h */,
				D034E8491D50B4F10010BFBA /* SecondViewController.m */,
				D0CC4AA21D50C0D700397CF9 /* ThreeViewController.h */,
				D0CC4AA31D50C0D700397CF9 /* ThreeViewController.m */,
				D034E81E1D50B4340010BFBA /* Main.storyboard */,
				D034E8211D50B4340010BFBA /* Assets.xcassets */,
				D034E8231D50B4340010BFBA /* LaunchScreen.storyboard */,
				D034E8261D50B4340010BFBA /* Info.plist */,
				D034E8151D50B4340010BFBA /* Supporting Files */,
			);
			path = TestBlockDemo;
			sourceTree = "<group>";
		};
		D034E8151D50B4340010BFBA /* Supporting Files */ = {
			isa = PBXGroup;
			children = (
				D034E8161D50B4340010BFBA /* main.m */,
			);
			name = "Supporting Files";
			sourceTree = "<group>";
		};
/* End PBXGroup section */

/* Begin PBXNativeTarget section */
		D034E8111D50B4340010BFBA /* TestBlockDemo */ = {
			isa = PBXNativeTarget;
			buildConfigurationList = D034E83F1D50B4340010BFBA /* Build configuration list for PBXNativeTarget "TestBlockDemo" */;
			buildPhases = (
				73A75F652D620F2D5766C1EB /* [CP] Check Pods Manifest.lock */,
				D034E80E1D50B4340010BFBA /* Sources */,
				D034E80F1D50B4340010BFBA /* Frameworks */,
				D034E8101D50B4340010BFBA /* Resources */,
				6943D2C95A06DFA0DE528B5C /* [CP] Embed Pods Frameworks */,
				D7FA44E00B31891F1696F1A6 /* [CP] Copy Pods Resources */,
			);
			buildRules = (
			);
			dependencies = (
			);
			name = TestBlockDemo;
			productName = TestBlockDemo;
			productReference = D034E8121D50B4340010BFBA /* TestBlockDemo.app */;
			productType = "com.apple.product-type.application";
		};
/* End PBXNativeTarget section */

/* Begin PBXProject section */
		D034E80A1D50B4330010BFBA /* Project object */ = {
			isa = PBXProject;
			attributes = {
				LastUpgradeCheck = 0730;
				ORGANIZATIONNAME = "陈博文";
				TargetAttributes = {
					D034E8111D50B4340010BFBA = {
						CreatedOnToolsVersion = 7.3;
					};
				};
			};
			buildConfigurationList = D034E80D1D50B4330010BFBA /* Build configuration list for PBXProject "TestBlockDemo" */;
			compatibilityVersion = "Xcode 3.2";
			developmentRegion = English;
			hasScannedForEncodings = 0;
			knownRegions = (
				en,
				Base,
			);
			mainGroup = D034E8091D50B4330010BFBA;
			productRefGroup = D034E8131D50B4340010BFBA /* Products */;
			projectDirPath = "";
			projectRoot = "";
			targets = (
				D034E8111D50B4340010BFBA /* TestBlockDemo */,
			);
		};
/* End PBXProject section */

/* Begin PBXResourcesBuildPhase section */
		D034E8101D50B4340010BFBA /* Resources */ = {
			isa = PBXResourcesBuildPhase;
			buildActionMask = 2147483647;
			files = (
				D034E8251D50B4340010BFBA /* LaunchScreen.storyboard in Resources */,
				D034E8221D50B4340010BFBA /* Assets.xcassets in Resources */,
				D034E8201D50B4340010BFBA /* Main.storyboard in Resources */,
			);
			runOnlyForDeploymentPostprocessing = 0;
		};
/* End PBXResourcesBuildPhase section */

/* Begin PBXShellScriptBuildPhase section */
		6943D2C95A06DFA0DE528B5C /* [CP] Embed Pods Frameworks */ = {
			isa = PBXShellScriptBuildPhase;
			buildActionMask = 2147483647;
			files = (
			);
			inputPaths = (
			);
			name = "[CP] Embed Pods Frameworks";
			outputPaths = (
			);
			runOnlyForDeploymentPostprocessing = 0;
			shellPath = /bin/sh;
			shellScript = "\"${SRCROOT}/Pods/Target Support Files/Pods-TestBlockDemo/Pods-TestBlockDemo-frameworks.sh\"\n";
			showEnvVarsInLog = 0;
		};
		73A75F652D620F2D5766C1EB /* [CP] Check Pods Manifest.lock */ = {
			isa = PBXShellScriptBuildPhase;
			buildActionMask = 2147483647;
			files = (
			);
			inputPaths = (
			);
			name = "[CP] Check Pods Manifest.lock";
			outputPaths = (
			);
			runOnlyForDeploymentPostprocessing = 0;
			shellPath = /bin/sh;
			shellScript = "diff \"${PODS_ROOT}/../Podfile.lock\" \"${PODS_ROOT}/Manifest.lock\" > /dev/null\nif [[ $? != 0 ]] ; then\n    cat << EOM\nerror: The sandbox is not in sync with the Podfile.lock. Run 'pod install' or update your CocoaPods installation.\nEOM\n    exit 1\nfi\n";
			showEnvVarsInLog = 0;
		};
		D7FA44E00B31891F1696F1A6 /* [CP] Copy Pods Resources */ = {
			isa = PBXShellScriptBuildPhase;
			buildActionMask = 2147483647;
			files = (
			);
			inputPaths = (
			);
			name = "[CP] Copy Pods Resources";
			outputPaths = (
			);
			runOnlyForDeploymentPostprocessing = 0;
			shellPath = /bin/sh;
			shellScript = "\"${SRCROOT}/Pods/Target Support Files/Pods-TestBlockDemo/Pods-TestBlockDemo-resources.sh\"\n";
			showEnvVarsInLog = 0;
		};
/* End PBXShellScriptBuildPhase section */

/* Begin PBXSourcesBuildPhase section */
		D034E80E1D50B4340010BFBA /* Sources */ = {
			isa = PBXSourcesBuildPhase;
			buildActionMask = 2147483647;
			files = (
				D034E84A1D50B4F10010BFBA /* SecondViewController.m in Sources */,
				D034E81D1D50B4340010BFBA /* ViewController.m in Sources */,
				D034E81A1D50B4340010BFBA /* AppDelegate.m in Sources */,
				D034E8171D50B4340010BFBA /* main.m in Sources */,
				D0CC4AA41D50C0D700397CF9 /* ThreeViewController.m in Sources */,
			);
			runOnlyForDeploymentPostprocessing = 0;
		};
/* End PBXSourcesBuildPhase section */

/* Begin PBXVariantGroup section */
		D034E81E1D50B4340010BFBA /* Main.storyboard */ = {
			isa = PBXVariantGroup;
			children = (
				D034E81F1D50B4340010BFBA /* Base */,
			);
			name = Main.storyboard;
			sourceTree = "<group>";
		};
		D034E8231D50B4340010BFBA /* LaunchScreen.storyboard */ = {
			isa = PBXVariantGroup;
			children = (
				D034E8241D50B4340010BFBA /* Base */,
			);
			name = LaunchScreen.storyboard;
			sourceTree = "<group>";
		};
/* End PBXVariantGroup section */

/* Begin XCBuildConfiguration section */
		D034E83D1D50B4340010BFBA /* Debug */ = {
			isa = XCBuildConfiguration;
			buildSettings = {
				ALWAYS_SEARCH_USER_PATHS = NO;
				CLANG_ANALYZER_NONNULL = YES;
				CLANG_CXX_LANGUAGE_STANDARD = "gnu++0x";
				CLANG_CXX_LIBRARY = "libc++";
				CLANG_ENABLE_MODULES = YES;
				CLANG_ENABLE_OBJC_ARC = YES;
				CLANG_WARN_BOOL_CONVERSION = YES;
				CLANG_WARN_CONSTANT_CONVERSION = YES;
				CLANG_WARN_DIRECT_OBJC_ISA_USAGE = YES_ERROR;
				CLANG_WARN_EMPTY_BODY = YES;
				CLANG_WARN_ENUM_CONVERSION = YES;
				CLANG_WARN_INT_CONVERSION = YES;
				CLANG_WARN_OBJC_ROOT_CLASS = YES_ERROR;
				CLANG_WARN_UNREACHABLE_CODE = YES;
				CLANG_WARN__DUPLICATE_METHOD_MATCH = YES;
				"CODE_SIGN_IDENTITY[sdk=iphoneos*]" = "iPhone Developer";
				COPY_PHASE_STRIP = NO;
				DEBUG_INFORMATION_FORMAT = dwarf;
				ENABLE_STRICT_OBJC_MSGSEND = YES;
				ENABLE_TESTABILITY = YES;
				GCC_C_LANGUAGE_STANDARD = gnu99;
				GCC_DYNAMIC_NO_PIC = NO;
				GCC_NO_COMMON_BLOCKS = YES;
				GCC_OPTIMIZATION_LEVEL = 0;
				GCC_PREPROCESSOR_DEFINITIONS = (
					"DEBUG=1",
					"$(inherited)",
				);
				GCC_WARN_64_TO_32_BIT_CONVERSION = YES;
				GCC_WARN_ABOUT_RETURN_TYPE = YES_ERROR;
				GCC_WARN_UNDECLARED_SELECTOR = YES;
				GCC_WARN_UNINITIALIZED_AUTOS = YES_AGGRESSIVE;
				GCC_WARN_UNUSED_FUNCTION = YES;
				GCC_WARN_UNUSED_VARIABLE = YES;
				IPHONEOS_DEPLOYMENT_TARGET = 9.3;
				MTL_ENABLE_DEBUG_INFO = YES;
				ONLY_ACTIVE_ARCH = YES;
				SDKROOT = iphoneos;
				TARGETED_DEVICE_FAMILY = "1,2";
			};
			name = Debug;
		};
		D034E83E1D50B4340010BFBA /* Release */ = {
			isa = XCBuildConfiguration;
			buildSettings = {
				ALWAYS_SEARCH_USER_PATHS = NO;
				CLANG_ANALYZER_NONNULL = YES;
				CLANG_CXX_LANGUAGE_STANDARD = "gnu++0x";
				CLANG_CXX_LIBRARY = "libc++";
				CLANG_ENABLE_MODULES = YES;
				CLANG_ENABLE_OBJC_ARC = YES;
				CLANG_WARN_BOOL_CONVERSION = YES;
				CLANG_WARN_CONSTANT_CONVERSION = YES;
				CLANG_WARN_DIRECT_OBJC_ISA_USAGE = YES_ERROR;
				CLANG_WARN_EMPTY_BODY = YES;
				CLANG_WARN_ENUM_CONVERSION = YES;
				CLANG_WARN_INT_CONVERSION = YES;
				CLANG_WARN_OBJC_ROOT_CLASS = YES_ERROR;
				CLANG_WARN_UNREACHABLE_CODE = YES;
				CLANG_WARN__DUPLICATE_METHOD_MATCH = YES;
				"CODE_SIGN_IDENTITY[sdk=iphoneos*]" = "iPhone Developer";
				COPY_PHASE_STRIP = NO;
				DEBUG_INFORMATION_FORMAT = "dwarf-with-dsym";
				ENABLE_NS_ASSERTIONS = NO;
				ENABLE_STRICT_OBJC_MSGSEND = YES;
				GCC_C_LANGUAGE_STANDARD = gnu99;
				GCC_NO_COMMON_BLOCKS = YES;
				GCC_WARN_64_TO_32_BIT_CONVERSION = YES;
				GCC_WARN_ABOUT_RETURN_TYPE = YES_ERROR;
				GCC_WARN_UNDECLARED_SELECTOR = YES;
				GCC_WARN_UNINITIALIZED_AUTOS = YES_AGGRESSIVE;
				GCC_WARN_UNUSED_FUNCTION = YES;
				GCC_WARN_UNUSED_VARIABLE = YES;
				IPHONEOS_DEPLOYMENT_TARGET = 9.3;
				MTL_ENABLE_DEBUG_INFO = NO;
				SDKROOT = iphoneos;
				TARGETED_DEVICE_FAMILY = "1,2";
				VALIDATE_PRODUCT = YES;
			};
			name = Release;
		};
		D034E8401D50B4340010BFBA /* Debug */ = {
			isa = XCBuildConfiguration;
			baseConfigurationReference = 0C7A8A6C7D15BA08B2570B0E /* Pods-TestBlockDemo.debug.xcconfig */;
			buildSettings = {
				ASSETCATALOG_COMPILER_APPICON_NAME = AppIcon;
				INFOPLIST_FILE = TestBlockDemo/Info.plist;
				LD_RUNPATH_SEARCH_PATHS = "$(inherited) @executable_path/Frameworks";
				PRODUCT_BUNDLE_IDENTIFIER = com.cbw.TestBlockDemo;
				PRODUCT_NAME = "$(TARGET_NAME)";
			};
			name = Debug;
		};
		D034E8411D50B4340010BFBA /* Release */ = {
			isa = XCBuildConfiguration;
			baseConfigurationReference = E62F07082ADDA56F079D95E8 /* Pods-TestBlockDemo.release.xcconfig */;
			buildSettings = {
				ASSETCATALOG_COMPILER_APPICON_NAME = AppIcon;
				INFOPLIST_FILE = TestBlockDemo/Info.plist;
				LD_RUNPATH_SEARCH_PATHS = "$(inherited) @executable_path/Frameworks";
				PRODUCT_BUNDLE_IDENTIFIER = com.cbw.TestBlockDemo;
				PRODUCT_NAME = "$(TARGET_NAME)";
			};
			name = Release;
		};
/* End XCBuildConfiguration section */

/* Begin XCConfigurationList section */
		D034E80D1D50B4330010BFBA /* Build configuration list for PBXProject "TestBlockDemo" */ = {
			isa = XCConfigurationList;
			buildConfigurations = (
				D034E83D1D50B4340010BFBA /* Debug */,
				D034E83E1D50B4340010BFBA /* Release */,
			);
			defaultConfigurationIsVisible = 0;
			defaultConfigurationName = Release;
		};
		D034E83F1D50B4340010BFBA /* Build configuration list for PBXNativeTarget "TestBlockDemo" */ = {
			isa = XCConfigurationList;
			buildConfigurations = (
				D034E8401D50B4340010BFBA /* Debug */,
				D034E8411D50B4340010BFBA /* Release */,
			);
			defaultConfigurationIsVisible = 0;
			defaultConfigurationName = Release;
		};
/* End XCConfigurationList section */
	};
	rootObject = D034E80A1D50B4330010BFBA /* Project object */;
}
